
Microsoft Visual Studio Solution File, Format Version 12.00
# Visual Studio Version 16
VisualStudioVersion = 16.0.33423.256
MinimumVisualStudioVersion = 10.0.40219.1
Project("{FAE04EC0-301F-11D3-BF4B-00C04F79EFBC}") = "revisao", "revisao\revisao.csproj", "{29DBD091-2778-4D7B-B807-E32311040D38}"
EndProject
Global
	GlobalSection(SolutionConfigurationPlatforms) = preSolution
		Debug|Any CPU = Debug|Any CPU
		Release|Any CPU = Release|Any CPU
	EndGlobalSection
	GlobalSection(ProjectConfigurationPlatforms) = postSolution
		{29DBD091-2778-4D7B-B807-E32311040D38}.Debug|Any CPU.ActiveCfg = Debug|Any CPU
		{29DBD091-2778-4D7B-B807-E32311040D38}.Debug|Any CPU.Build.0 = Debug|Any CPU
		{29DBD091-2778-4D7B-B807-E32311040D38}.Release|Any CPU.ActiveCfg = Release|Any CPU
		{29DBD091-2778-4D7B-B807-E32311040D38}.Release|Any CPU.Build.0 = Release|Any CPU
	EndGlobalSection
	GlobalSection(SolutionProperties) = preSolution
		HideSolutionNode = FALSE
	EndGlobalSection
	GlobalSection(ExtensibilityGlobals) = postSolution
		SolutionGuid = {5121CF44-3D97-4259-9A77-D07D31E23D6E}
	EndGlobalSection
EndGlobal
